
Microsoft Visual Studio Solution File, Format Version 12.00
# Visual Studio Version 17
VisualStudioVersion = 17.5.002.0
MinimumVisualStudioVersion = 10.0.40219.1
Project("{9A19103F-16F7-4668-BE54-9A1E7A4F7556}") = "HelloWorld", "HelloWorld.csproj", "{325BB7DE-0C06-4E26-8146-DA0FAE511B7A}"
EndProject
Global
	GlobalSection(SolutionConfigurationPlatforms) = preSolution
		Debug|Any CPU = Debug|Any CPU
		Release|Any CPU = Release|Any CPU
	EndGlobalSection
	GlobalSection(ProjectConfigurationPlatforms) = postSolution
		{325BB7DE-0C06-4E26-8146-DA0FAE511B7A}.Debug|Any CPU.ActiveCfg = Debug|Any CPU
		{325BB7DE-0C06-4E26-8146-DA0FAE511B7A}.Debug|Any CPU.Build.0 = Debug|Any CPU
		{325BB7DE-0C06-4E26-8146-DA0FAE511B7A}.Release|Any CPU.ActiveCfg = Release|Any CPU
		{325BB7DE-0C06-4E26-8146-DA0FAE511B7A}.Release|Any CPU.Build.0 = Release|Any CPU
	EndGlobalSection
	GlobalSection(SolutionProperties) = preSolution
		HideSolutionNode = FALSE
	EndGlobalSection
	GlobalSection(ExtensibilityGlobals) = postSolution
		SolutionGuid = {9DFDF428-2E7C-45F7-9E22-CE70529C9054}
	EndGlobalSection
EndGlobal
